Microsoft Visual Studio Solution File, Format Version 12.00
# Visual Studio Version 17
VisualStudioVersion = 17.5.2.0
MinimumVisualStudioVersion = 10.0.40219.1
Project("{FAE04EC0-301F-11D3-BF4B-00C04F79EFBC}") = "Day1Test", "Day1Test.csproj", "{A73B185A-A5CF-7F2A-4C3B-9FBD659C62D4}"
EndProject
Global
	GlobalSection(SolutionConfigurationPlatforms) = preSolution
		Debug|Any CPU = Debug|Any CPU
		Release|Any CPU = Release|Any CPU
	EndGlobalSection
	GlobalSection(ProjectConfigurationPlatforms) = postSolution
		{A73B185A-A5CF-7F2A-4C3B-9FBD659C62D4}.Debug|Any CPU.ActiveCfg = Debug|Any CPU
		{A73B185A-A5CF-7F2A-4C3B-9FBD659C62D4}.Debug|Any CPU.Build.0 = Debug|Any CPU
		{A73B185A-A5CF-7F2A-4C3B-9FBD659C62D4}.Release|Any CPU.ActiveCfg = Release|Any CPU
		{A73B185A-A5CF-7F2A-4C3B-9FBD659C62D4}.Release|Any CPU.Build.0 = Release|Any CPU
	EndGlobalSection
	GlobalSection(SolutionProperties) = preSolution
		HideSolutionNode = FALSE
	EndGlobalSection
	GlobalSection(ExtensibilityGlobals) = postSolution
		SolutionGuid = {E567D733-B5E3-4C96-A829-DDA167DC4EC6}
	EndGlobalSection
EndGlobal
