Microsoft Visual Studio Solution File, Format Version 12.00
# Visual Studio Version 17
VisualStudioVersion = 17.5.2.0
MinimumVisualStudioVersion = 10.0.40219.1
Project("{FAE04EC0-301F-11D3-BF4B-00C04F79EFBC}") = "StratagemHero", "StratagemHero.csproj", "{5ED380C3-CDFC-4832-E408-9DB767081884}"
EndProject
Global
	GlobalSection(SolutionConfigurationPlatforms) = preSolution
		Debug|Any CPU = Debug|Any CPU
		Release|Any CPU = Release|Any CPU
	EndGlobalSection
	GlobalSection(ProjectConfigurationPlatforms) = postSolution
		{5ED380C3-CDFC-4832-E408-9DB767081884}.Debug|Any CPU.ActiveCfg = Debug|Any CPU
		{5ED380C3-CDFC-4832-E408-9DB767081884}.Debug|Any CPU.Build.0 = Debug|Any CPU
		{5ED380C3-CDFC-4832-E408-9DB767081884}.Release|Any CPU.ActiveCfg = Release|Any CPU
		{5ED380C3-CDFC-4832-E408-9DB767081884}.Release|Any CPU.Build.0 = Release|Any CPU
	EndGlobalSection
	GlobalSection(SolutionProperties) = preSolution
		HideSolutionNode = FALSE
	EndGlobalSection
	GlobalSection(ExtensibilityGlobals) = postSolution
		SolutionGuid = {33468665-3E83-471E-8E8A-9ACC8BFBDC49}
	EndGlobalSection
EndGlobal
